
Microsoft Visual Studio Solution File, Format Version 12.00
# Visual Studio Version 16
VisualStudioVersion = 16.0.31424.327
MinimumVisualStudioVersion = 10.0.40219.1
Project("{9A19103F-16F7-4668-BE54-9A1E7A4F7556}") = "PzuZadania", "PzuZadania\PzuZadania.csproj", "{0AB2910F-7AD4-4F5B-9E47-8B0DC250DE85}"
EndProject
Project("{9A19103F-16F7-4668-BE54-9A1E7A4F7556}") = "PzuZadania.Tests", "PzuZadania.Tests\PzuZadania.Tests.csproj", "{ADA4B12D-0613-4BA0-955C-B5B5BA2AB02C}"
EndProject
Project("{2150E333-8FDC-42A3-9474-1A3956D46DE8}") = "Tests", "Tests", "{3A9E026E-19D4-4652-A0D0-B7D322338D22}"
EndProject
Project("{9A19103F-16F7-4668-BE54-9A1E7A4F7556}") = "Bibliotekarz", "Bibliotekarz\Bibliotekarz.csproj", "{32903F49-95EE-4F19-AF08-8572F785D752}"
EndProject
Project("{FAE04EC0-301F-11D3-BF4B-00C04F79EFBC}") = "Bibliotekarz.Model", "Bibliotekarz.Model\Bibliotekarz.Model.csproj", "{17DE7D5B-AEA4-4200-AB95-1E7C36E8FF4C}"
EndProject
Global
	GlobalSection(SolutionConfigurationPlatforms) = preSolution
		Debug|Any CPU = Debug|Any CPU
		Release|Any CPU = Release|Any CPU
	EndGlobalSection
	GlobalSection(ProjectConfigurationPlatforms) = postSolution
		{0AB2910F-7AD4-4F5B-9E47-8B0DC250DE85}.Debug|Any CPU.ActiveCfg = Debug|Any CPU
		{0AB2910F-7AD4-4F5B-9E47-8B0DC250DE85}.Debug|Any CPU.Build.0 = Debug|Any CPU
		{0AB2910F-7AD4-4F5B-9E47-8B0DC250DE85}.Release|Any CPU.ActiveCfg = Release|Any CPU
		{0AB2910F-7AD4-4F5B-9E47-8B0DC250DE85}.Release|Any CPU.Build.0 = Release|Any CPU
		{ADA4B12D-0613-4BA0-955C-B5B5BA2AB02C}.Debug|Any CPU.ActiveCfg = Debug|Any CPU
		{ADA4B12D-0613-4BA0-955C-B5B5BA2AB02C}.Debug|Any CPU.Build.0 = Debug|Any CPU
		{ADA4B12D-0613-4BA0-955C-B5B5BA2AB02C}.Release|Any CPU.ActiveCfg = Release|Any CPU
		{ADA4B12D-0613-4BA0-955C-B5B5BA2AB02C}.Release|Any CPU.Build.0 = Release|Any CPU
		{32903F49-95EE-4F19-AF08-8572F785D752}.Debug|Any CPU.ActiveCfg = Debug|Any CPU
		{32903F49-95EE-4F19-AF08-8572F785D752}.Debug|Any CPU.Build.0 = Debug|Any CPU
		{32903F49-95EE-4F19-AF08-8572F785D752}.Release|Any CPU.ActiveCfg = Release|Any CPU
		{32903F49-95EE-4F19-AF08-8572F785D752}.Release|Any CPU.Build.0 = Release|Any CPU
		{17DE7D5B-AEA4-4200-AB95-1E7C36E8FF4C}.Debug|Any CPU.ActiveCfg = Debug|Any CPU
		{17DE7D5B-AEA4-4200-AB95-1E7C36E8FF4C}.Debug|Any CPU.Build.0 = Debug|Any CPU
		{17DE7D5B-AEA4-4200-AB95-1E7C36E8FF4C}.Release|Any CPU.ActiveCfg = Release|Any CPU
		{17DE7D5B-AEA4-4200-AB95-1E7C36E8FF4C}.Release|Any CPU.Build.0 = Release|Any CPU
	EndGlobalSection
	GlobalSection(SolutionProperties) = preSolution
		HideSolutionNode = FALSE
	EndGlobalSection
	GlobalSection(NestedProjects) = preSolution
		{ADA4B12D-0613-4BA0-955C-B5B5BA2AB02C} = {3A9E026E-19D4-4652-A0D0-B7D322338D22}
	EndGlobalSection
	GlobalSection(ExtensibilityGlobals) = postSolution
		SolutionGuid = {77054D0F-45BF-4E15-8218-9CE8A184A434}
	EndGlobalSection
EndGlobal
