
Microsoft Visual Studio Solution File, Format Version 12.00
# Visual Studio Version 17
VisualStudioVersion = 17.0.32126.317
MinimumVisualStudioVersion = 10.0.40219.1
Project("{FAE04EC0-301F-11D3-BF4B-00C04F79EFBC}") = "WindowsAuthExample.Server", "WindowsAuthExample\Server\WindowsAuthExample.Server.csproj", "{917E8190-DA80-4D8D-8C7A-0752DD5CCA76}"
EndProject
Project("{FAE04EC0-301F-11D3-BF4B-00C04F79EFBC}") = "WindowsAuthExample.Client", "WindowsAuthExample\Client\WindowsAuthExample.Client.csproj", "{D775D164-8659-4873-9928-C03E6E3BEB98}"
EndProject
Project("{FAE04EC0-301F-11D3-BF4B-00C04F79EFBC}") = "WindowsAuthExample.Shared", "WindowsAuthExample\Shared\WindowsAuthExample.Shared.csproj", "{37CCD507-4499-4952-A98E-6CB2CE88DDD4}"
EndProject
Global
	GlobalSection(SolutionConfigurationPlatforms) = preSolution
		Debug|Any CPU = Debug|Any CPU
		Release|Any CPU = Release|Any CPU
	EndGlobalSection
	GlobalSection(ProjectConfigurationPlatforms) = postSolution
		{917E8190-DA80-4D8D-8C7A-0752DD5CCA76}.Debug|Any CPU.ActiveCfg = Debug|Any CPU
		{917E8190-DA80-4D8D-8C7A-0752DD5CCA76}.Debug|Any CPU.Build.0 = Debug|Any CPU
		{917E8190-DA80-4D8D-8C7A-0752DD5CCA76}.Release|Any CPU.ActiveCfg = Release|Any CPU
		{917E8190-DA80-4D8D-8C7A-0752DD5CCA76}.Release|Any CPU.Build.0 = Release|Any CPU
		{D775D164-8659-4873-9928-C03E6E3BEB98}.Debug|Any CPU.ActiveCfg = Debug|Any CPU
		{D775D164-8659-4873-9928-C03E6E3BEB98}.Debug|Any CPU.Build.0 = Debug|Any CPU
		{D775D164-8659-4873-9928-C03E6E3BEB98}.Release|Any CPU.ActiveCfg = Release|Any CPU
		{D775D164-8659-4873-9928-C03E6E3BEB98}.Release|Any CPU.Build.0 = Release|Any CPU
		{37CCD507-4499-4952-A98E-6CB2CE88DDD4}.Debug|Any CPU.ActiveCfg = Debug|Any CPU
		{37CCD507-4499-4952-A98E-6CB2CE88DDD4}.Debug|Any CPU.Build.0 = Debug|Any CPU
		{37CCD507-4499-4952-A98E-6CB2CE88DDD4}.Release|Any CPU.ActiveCfg = Release|Any CPU
		{37CCD507-4499-4952-A98E-6CB2CE88DDD4}.Release|Any CPU.Build.0 = Release|Any CPU
	EndGlobalSection
	GlobalSection(SolutionProperties) = preSolution
		HideSolutionNode = FALSE
	EndGlobalSection
	GlobalSection(ExtensibilityGlobals) = postSolution
		SolutionGuid = {0CC5AD06-B043-48AD-A69D-6B039D9AA1E3}
	EndGlobalSection
EndGlobal
